lockfileVersion: '9.0'

settings:
  autoInstallPeers: true
  excludeLinksFromLockfile: false

importers:

  .:
    dependencies:
      '@huggingface/inference':
        specifier: ^4.13.15
        version: 4.13.15
      dotenv:
        specifier: ^17.4.2
        version: 17.4.2

packages:

  '@huggingface/inference@4.13.15':
    resolution: {integrity: sha512-V7B13KFDVhYkQqgx8vpMcmtEG+PoePlh65IUvpphTTItHAq6zRLcsS4torh1QavUaT+6nEwho4wFXzBQNGBwKQ==}
    engines: {node: '>=18'}

  '@huggingface/jinja@0.5.9':
    resolution: {integrity: sha512-uWTG+l3VJRsl7EXxYizuL3P+cCPoc3cRqbWWRcQN0FhejRfbdq0RNhCmbY/YDtnTcz9icdLYuLDjsnz4d8JMuw==}
    engines: {node: '>=18'}

  '@huggingface/tasks@0.19.90':
    resolution: {integrity: sha512-nfV9luJbvwGQ/5oKXkKhCV9h4X7mwh1YaGG3ORd6UMLDSwr1OFSSatcBX0O9OtBtmNK19aGSjbLFqqgcIR6+IA==}

  dotenv@17.4.2:
    resolution: {integrity: sha512-nI4U3TottKAcAD9LLud4Cb7b2QztQMUEfHbvhTH09bqXTxnSie8WnjPALV/WMCrJZ6UV/qHJ6L03OqO3LcdYZw==}
    engines: {node: '>=12'}

snapshots:

  '@huggingface/inference@4.13.15':
    dependencies:
      '@huggingface/jinja': 0.5.9
      '@huggingface/tasks': 0.19.90

  '@huggingface/jinja@0.5.9': {}

  '@huggingface/tasks@0.19.90': {}

  dotenv@17.4.2: {}
